# This file is autogenerated, do not edit; changes may be undone by the next 'dep ensure'.


[[projects]]
  branch = "master"
  digest = "1:55ff307968b2bb6e7b32ae76c94013343aa579993b3dae628a577147dbd354c9"
  name = "github.com/favish/vmap"
  packages = ["."]
  pruneopts = "UT"
  revision = "4d501f1f9b304f36ea85293e80978373334b68dc"

[[projects]]
  branch = "master"
  digest = "1:3b34b89c01f9edfdc0863d96437ca6f62970566e0aabbc75561699bd9f1e86a9"
  name = "github.com/rs/vast"
  packages = ["."]
  pruneopts = "UT"
  revision = "06597a11a4c307c3a8fd9537dbf0876462aa7d59"

[solve-meta]
  analyzer-name = "dep"
  analyzer-version = 1
  input-imports = ["github.com/favish/vmap"]
  solver-name = "gps-cdcl"
  solver-version = 1
