# This file is autogenerated, do not edit; changes may be undone by the next 'dep ensure'.


[[projects]]
  branch = "master"
  digest = "1:d9fbd6d1ea12bb2624ab00279785d71a64d09e7b40af6464abb8088cbe98a5d7"
  name = "github.com/favish/vmap"
  packages = ["."]
  pruneopts = "UT"
  revision = "46c3c2b90acdbc297b0809d2e828d77016f9ca24"

[[projects]]
  branch = "master"
  digest = "1:3b34b89c01f9edfdc0863d96437ca6f62970566e0aabbc75561699bd9f1e86a9"
  name = "github.com/rs/vast"
  packages = ["."]
  pruneopts = "UT"
  revision = "06597a11a4c307c3a8fd9537dbf0876462aa7d59"

[solve-meta]
  analyzer-name = "dep"
  analyzer-version = 1
  input-imports = ["github.com/favish/vmap"]
  solver-name = "gps-cdcl"
  solver-version = 1
